
Microsoft Visual Studio Solution File, Format Version 12.00
# Visual Studio Version 16
VisualStudioVersion = 16.0.29326.143
MinimumVisualStudioVersion = 10.0.40219.1
Project("{FAE04EC0-301F-11D3-BF4B-00C04F79EFBC}") = "Composição", "Composição\Composição.csproj", "{D24F8A18-ECBC-4CE0-BBB6-78B4C74E9364}"
EndProject
Global
	GlobalSection(SolutionConfigurationPlatforms) = preSolution
		Debug|Any CPU = Debug|Any CPU
		Release|Any CPU = Release|Any CPU
	EndGlobalSection
	GlobalSection(ProjectConfigurationPlatforms) = postSolution
		{D24F8A18-ECBC-4CE0-BBB6-78B4C74E9364}.Debug|Any CPU.ActiveCfg = Debug|Any CPU
		{D24F8A18-ECBC-4CE0-BBB6-78B4C74E9364}.Debug|Any CPU.Build.0 = Debug|Any CPU
		{D24F8A18-ECBC-4CE0-BBB6-78B4C74E9364}.Release|Any CPU.ActiveCfg = Release|Any CPU
		{D24F8A18-ECBC-4CE0-BBB6-78B4C74E9364}.Release|Any CPU.Build.0 = Release|Any CPU
	EndGlobalSection
	GlobalSection(SolutionProperties) = preSolution
		HideSolutionNode = FALSE
	EndGlobalSection
	GlobalSection(ExtensibilityGlobals) = postSolution
		SolutionGuid = {892D7306-F6AB-4698-95E3-390C01454EB7}
	EndGlobalSection
EndGlobal
